
Microsoft Visual Studio Solution File, Format Version 12.00
# Visual Studio Version 16
VisualStudioVersion = 16.0.29728.190
MinimumVisualStudioVersion = 10.0.40219.1
Project("{9A19103F-16F7-4668-BE54-9A1E7A4F7556}") = "GitHubClient", "GitHubClient\GitHubClient.csproj", "{A1420F46-64B7-4737-A017-FC83D8C00D12}"
EndProject
Project("{9A19103F-16F7-4668-BE54-9A1E7A4F7556}") = "XUnitTestProject", "XUnitTestProject\XUnitTestProject.csproj", "{2B966F84-3AB8-48D5-918E-F68C41F9405E}"
EndProject
Project("{FAE04EC0-301F-11D3-BF4B-00C04F79EFBC}") = "GitHubClient.Models", "GitHubClient.Models\GitHubClient.Models.csproj", "{4650ACB3-2EF8-49E7-A2F2-DEA2A0A32551}"
EndProject
Project("{FAE04EC0-301F-11D3-BF4B-00C04F79EFBC}") = "GitHubClient.Services", "GitHubClient.Services\GitHubClient.Services.csproj", "{1E120F72-7863-4EAA-9E33-3320893E740C}"
EndProject
Global
	GlobalSection(SolutionConfigurationPlatforms) = preSolution
		Debug|Any CPU = Debug|Any CPU
		Release|Any CPU = Release|Any CPU
	EndGlobalSection
	GlobalSection(ProjectConfigurationPlatforms) = postSolution
		{A1420F46-64B7-4737-A017-FC83D8C00D12}.Debug|Any CPU.ActiveCfg = Debug|Any CPU
		{A1420F46-64B7-4737-A017-FC83D8C00D12}.Debug|Any CPU.Build.0 = Debug|Any CPU
		{A1420F46-64B7-4737-A017-FC83D8C00D12}.Release|Any CPU.ActiveCfg = Release|Any CPU
		{A1420F46-64B7-4737-A017-FC83D8C00D12}.Release|Any CPU.Build.0 = Release|Any CPU
		{2B966F84-3AB8-48D5-918E-F68C41F9405E}.Debug|Any CPU.ActiveCfg = Debug|Any CPU
		{2B966F84-3AB8-48D5-918E-F68C41F9405E}.Debug|Any CPU.Build.0 = Debug|Any CPU
		{2B966F84-3AB8-48D5-918E-F68C41F9405E}.Release|Any CPU.ActiveCfg = Release|Any CPU
		{2B966F84-3AB8-48D5-918E-F68C41F9405E}.Release|Any CPU.Build.0 = Release|Any CPU
		{4650ACB3-2EF8-49E7-A2F2-DEA2A0A32551}.Debug|Any CPU.ActiveCfg = Debug|Any CPU
		{4650ACB3-2EF8-49E7-A2F2-DEA2A0A32551}.Debug|Any CPU.Build.0 = Debug|Any CPU
		{4650ACB3-2EF8-49E7-A2F2-DEA2A0A32551}.Release|Any CPU.ActiveCfg = Release|Any CPU
		{4650ACB3-2EF8-49E7-A2F2-DEA2A0A32551}.Release|Any CPU.Build.0 = Release|Any CPU
		{1E120F72-7863-4EAA-9E33-3320893E740C}.Debug|Any CPU.ActiveCfg = Debug|Any CPU
		{1E120F72-7863-4EAA-9E33-3320893E740C}.Debug|Any CPU.Build.0 = Debug|Any CPU
		{1E120F72-7863-4EAA-9E33-3320893E740C}.Release|Any CPU.ActiveCfg = Release|Any CPU
		{1E120F72-7863-4EAA-9E33-3320893E740C}.Release|Any CPU.Build.0 = Release|Any CPU
	EndGlobalSection
	GlobalSection(SolutionProperties) = preSolution
		HideSolutionNode = FALSE
	EndGlobalSection
	GlobalSection(ExtensibilityGlobals) = postSolution
		SolutionGuid = {AF9293A1-FC2C-41E6-8B0A-0255E8EEB1F1}
	EndGlobalSection
EndGlobal
